
Microsoft Visual Studio Solution File, Format Version 12.00
# Visual Studio Version 17
VisualStudioVersion = 17.11.35312.102
MinimumVisualStudioVersion = 10.0.40219.1
Project("{FAE04EC0-301F-11D3-BF4B-00C04F79EFBC}") = "AppData", "Domain\AppData.csproj", "{DCF34F9C-6FC5-4723-9CCA-89D713609C93}"
EndProject
Project("{FAE04EC0-301F-11D3-BF4B-00C04F79EFBC}") = "AppAPI", "AppAPI\AppAPI.csproj", "{9DA682B4-F430-4386-9010-64111359C081}"
EndProject
Project("{FAE04EC0-301F-11D3-BF4B-00C04F79EFBC}") = "APPMVC", "APPMVC\APPMVC.csproj", "{7499FA77-022E-41AE-89BF-01F8B11906BC}"
EndProject
Global
	GlobalSection(SolutionConfigurationPlatforms) = preSolution
		Debug|Any CPU = Debug|Any CPU
		Release|Any CPU = Release|Any CPU
	EndGlobalSection
	GlobalSection(ProjectConfigurationPlatforms) = postSolution
		{DCF34F9C-6FC5-4723-9CCA-89D713609C93}.Debug|Any CPU.ActiveCfg = Debug|Any CPU
		{DCF34F9C-6FC5-4723-9CCA-89D713609C93}.Debug|Any CPU.Build.0 = Debug|Any CPU
		{DCF34F9C-6FC5-4723-9CCA-89D713609C93}.Release|Any CPU.ActiveCfg = Release|Any CPU
		{DCF34F9C-6FC5-4723-9CCA-89D713609C93}.Release|Any CPU.Build.0 = Release|Any CPU
		{9DA682B4-F430-4386-9010-64111359C081}.Debug|Any CPU.ActiveCfg = Debug|Any CPU
		{9DA682B4-F430-4386-9010-64111359C081}.Debug|Any CPU.Build.0 = Debug|Any CPU
		{9DA682B4-F430-4386-9010-64111359C081}.Release|Any CPU.ActiveCfg = Release|Any CPU
		{9DA682B4-F430-4386-9010-64111359C081}.Release|Any CPU.Build.0 = Release|Any CPU
		{7499FA77-022E-41AE-89BF-01F8B11906BC}.Debug|Any CPU.ActiveCfg = Debug|Any CPU
		{7499FA77-022E-41AE-89BF-01F8B11906BC}.Debug|Any CPU.Build.0 = Debug|Any CPU
		{7499FA77-022E-41AE-89BF-01F8B11906BC}.Release|Any CPU.ActiveCfg = Release|Any CPU
		{7499FA77-022E-41AE-89BF-01F8B11906BC}.Release|Any CPU.Build.0 = Release|Any CPU
	EndGlobalSection
	GlobalSection(SolutionProperties) = preSolution
		HideSolutionNode = FALSE
	EndGlobalSection
	GlobalSection(ExtensibilityGlobals) = postSolution
		SolutionGuid = {6A8D046D-24F5-4F88-A428-B16355D14541}
	EndGlobalSection
EndGlobal
